
Microsoft Visual Studio Solution File, Format Version 12.00
# Visual Studio Version 17
VisualStudioVersion = 17.2.32526.322
MinimumVisualStudioVersion = 10.0.40219.1
Project("{FAE04EC0-301F-11D3-BF4B-00C04F79EFBC}") = "WebApplication08", "WebApplication08.csproj", "{81504DB6-741F-47E9-AD88-EBC7166282C6}"
EndProject
Global
	GlobalSection(SolutionConfigurationPlatforms) = preSolution
		Debug|Any CPU = Debug|Any CPU
		Release|Any CPU = Release|Any CPU
	EndGlobalSection
	GlobalSection(ProjectConfigurationPlatforms) = postSolution
		{81504DB6-741F-47E9-AD88-EBC7166282C6}.Debug|Any CPU.ActiveCfg = Debug|Any CPU
		{81504DB6-741F-47E9-AD88-EBC7166282C6}.Debug|Any CPU.Build.0 = Debug|Any CPU
		{81504DB6-741F-47E9-AD88-EBC7166282C6}.Release|Any CPU.ActiveCfg = Release|Any CPU
		{81504DB6-741F-47E9-AD88-EBC7166282C6}.Release|Any CPU.Build.0 = Release|Any CPU
	EndGlobalSection
	GlobalSection(SolutionProperties) = preSolution
		HideSolutionNode = FALSE
	EndGlobalSection
	GlobalSection(ExtensibilityGlobals) = postSolution
		SolutionGuid = {321F8B13-FDAC-4D40-978C-931F16508048}
	EndGlobalSection
EndGlobal
